
Microsoft Visual Studio Solution File, Format Version 12.00
# Visual Studio Version 17
VisualStudioVersion = 17.5.33530.505
MinimumVisualStudioVersion = 10.0.40219.1
Project("{FAE04EC0-301F-11D3-BF4B-00C04F79EFBC}") = "StressTestConsoleClient", "StressTestConsoleClient.csproj", "{7709B64D-1F67-43DF-BE0D-E7DC96D4A517}"
EndProject
Global
	GlobalSection(SolutionConfigurationPlatforms) = preSolution
		Debug|Any CPU = Debug|Any CPU
		Release|Any CPU = Release|Any CPU
	EndGlobalSection
	GlobalSection(ProjectConfigurationPlatforms) = postSolution
		{7709B64D-1F67-43DF-BE0D-E7DC96D4A517}.Debug|Any CPU.ActiveCfg = Debug|Any CPU
		{7709B64D-1F67-43DF-BE0D-E7DC96D4A517}.Debug|Any CPU.Build.0 = Debug|Any CPU
		{7709B64D-1F67-43DF-BE0D-E7DC96D4A517}.Release|Any CPU.ActiveCfg = Release|Any CPU
		{7709B64D-1F67-43DF-BE0D-E7DC96D4A517}.Release|Any CPU.Build.0 = Release|Any CPU
	EndGlobalSection
	GlobalSection(SolutionProperties) = preSolution
		HideSolutionNode = FALSE
	EndGlobalSection
	GlobalSection(ExtensibilityGlobals) = postSolution
		SolutionGuid = {0A78A8CB-84ED-4988-A4B1-91F01534CF5D}
	EndGlobalSection
EndGlobal
