
Microsoft Visual Studio Solution File, Format Version 12.00
# Visual Studio Version 17
VisualStudioVersion = 17.5.33414.496
MinimumVisualStudioVersion = 10.0.40219.1
Project("{9A19103F-16F7-4668-BE54-9A1E7A4F7556}") = "text-analytics-for-health-support-functions", "text-analytics-for-health-support-functions.csproj", "{344960F5-A1D8-44DE-8FCD-D9A33D2228F7}"
EndProject
Global
	GlobalSection(SolutionConfigurationPlatforms) = preSolution
		Debug|Any CPU = Debug|Any CPU
		Release|Any CPU = Release|Any CPU
	EndGlobalSection
	GlobalSection(ProjectConfigurationPlatforms) = postSolution
		{344960F5-A1D8-44DE-8FCD-D9A33D2228F7}.Debug|Any CPU.ActiveCfg = Debug|Any CPU
		{344960F5-A1D8-44DE-8FCD-D9A33D2228F7}.Debug|Any CPU.Build.0 = Debug|Any CPU
		{344960F5-A1D8-44DE-8FCD-D9A33D2228F7}.Release|Any CPU.ActiveCfg = Release|Any CPU
		{344960F5-A1D8-44DE-8FCD-D9A33D2228F7}.Release|Any CPU.Build.0 = Release|Any CPU
	EndGlobalSection
	GlobalSection(SolutionProperties) = preSolution
		HideSolutionNode = FALSE
	EndGlobalSection
	GlobalSection(ExtensibilityGlobals) = postSolution
		SolutionGuid = {FD4543D6-6A3F-4271-AE9B-97F167C1629D}
	EndGlobalSection
EndGlobal
